dependencies:
  cryo: 0.0.6
  minimist: 1.2.5
  mkdirp: 0.5.0
lockfileVersion: 5.1
packages:
  /cryo/0.0.6:
    dev: false
    engines:
      node: '>= 0.4.x'
    resolution:
      integrity: sha1-FoMyldLuFv85cR24QGF7euSvC6Q=
  /minimist/0.0.8:
    dev: false
    resolution:
      integrity: sha1-hX/Kv8M5fSYluCKCYuhqp6ARsF0=
  /minimist/1.2.5:
    dev: false
    resolution:
      integrity: sha512-FM9nNUYrRBAELZQT3xeZQ7fmMOBg6nWNmJKTcgsJeaLstP/UODVpGsr5OhXhhXg6f+qtJ8uiZ+PUxkDWcgIXLw==
  /mkdirp/0.5.0:
    dependencies:
      minimist: 0.0.8
    deprecated: Legacy versions of mkdirp are no longer supported. Please update to mkdirp 1.x. (Note that the API surface has changed to use Promises in 1.x.)
    dev: false
    hasBin: true
    resolution:
      integrity: sha1-HXMHam35hs2TROFecfzAWkyavxI=
specifiers:
  cryo: 0.0.6
  minimist: '1'
  mkdirp: 0.5.0
